{
  "requires": true,
  "lockfileVersion": 1,
  "dependencies": {
    "event-pubsub": {
      "version": "4.3.0",
      "resolved": "https://registry.npmjs.org/event-pubsub/-/event-pubsub-4.3.0.tgz",
      "integrity": "sha512-z7IyloorXvKbFx9Bpie2+vMJKKx1fH1EN5yiTfp8CiLOTptSYy1g8H4yDpGlEdshL1PBiFtBHepF2cNsqeEeFQ=="
    },
    "node-http-server": {
      "version": "8.1.0",
      "resolved": "https://registry.npmjs.org/node-http-server/-/node-http-server-8.1.0.tgz",
      "integrity": "sha512-UYs5IYIX7QAdTeiiBsgByJIi3324mf8s7PH1QECeUBEuy25EDuw5Q3vocm1QeeJj96ajvrqB3V+pI+ZmD/dmgA=="
    }
  }
}
